// !$*UTF8*$!
{
	archiveVersion = 1;
	classes = {
	};
	objectVersion = 46;
	objects = {

/* Begin PBXBuildFile section */
		9FA6ECF31D9109740091A2A9 /* RKRequestQueue.swift in Sources */ = {isa = PBXBuildFile; fileRef = 9FA6ECF21D9109740091A2A9 /* RKRequestQueue.swift */; };
		9FC9422D1D8EA0E000741190 /* AppDelegate.swift in Sources */ = {isa = PBXBuildFile; fileRef = 9FC9422C1D8EA0E000741190 /* AppDelegate.swift */; };
		9FC9422F1D8EA0E000741190 /* ViewController.swift in Sources */ = {isa = PBXBuildFile; fileRef = 9FC9422E1D8EA0E000741190 /* ViewController.swift */; };
		9FC942321D8EA0E000741190 /* Main.storyboard in Resources */ = {isa = PBXBuildFile; fileRef = 9FC942301D8EA0E000741190 /* Main.storyboard */; };
		9FC942341D8EA0E000741190 /* Assets.xcassets in Resources */ = {isa = PBXBuildFile; fileRef = 9FC942331D8EA0E000741190 /* Assets.xcassets */; };
		9FC942371D8EA0E000741190 /* LaunchScreen.storyboard in Resources */ = {isa = PBXBuildFile; fileRef = 9FC942351D8EA0E000741190 /* LaunchScreen.storyboard */; };
		9FC942421D8EA0E100741190 /* NetworkDemoTests.swift in Sources */ = {isa = PBXBuildFile; fileRef = 9FC942411D8EA0E100741190 /* NetworkDemoTests.swift */; };
		9FC9424D1D8EA0E100741190 /* NetworkDemoUITests.swift in Sources */ = {isa = PBXBuildFile; fileRef = 9FC9424C1D8EA0E100741190 /* NetworkDemoUITests.swift */; };
		9FC9425C1D8EA12A00741190 /* RKRequest.swift in Sources */ = {isa = PBXBuildFile; fileRef = 9FC9425B1D8EA12A00741190 /* RKRequest.swift */; };
		9FC942601D8EA19200741190 /* Alamofire.framework in Frameworks */ = {isa = PBXBuildFile; fileRef = 9FC9425F1D8EA19200741190 /* Alamofire.framework */; };
		9FC942631D8EA24700741190 /* RKConfiguration.swift in Sources */ = {isa = PBXBuildFile; fileRef = 9FC942621D8EA24700741190 /* RKConfiguration.swift */; };
		9FFC3D6B1D911F86009B2A94 /* RKError.swift in Sources */ = {isa = PBXBuildFile; fileRef = 9FFC3D6A1D911F86009B2A94 /* RKError.swift */; };
		9FFC3D6D1D912405009B2A94 /* RKTypeRequest.swift in Sources */ = {isa = PBXBuildFile; fileRef = 9FFC3D6C1D912405009B2A94 /* RKTypeRequest.swift */; };
/* End PBXBuildFile section */

/* Begin PBXContainerItemProxy section */
		9FC9423E1D8EA0E100741190 /* PBXContainerItemProxy */ = {
			isa = PBXContainerItemProxy;
			containerPortal = 9FC942211D8EA0E000741190 /* Project object */;
			proxyType = 1;
			remoteGlobalIDString = 9FC942281D8EA0E000741190;
			remoteInfo = NetworkDemo;
		};
		9FC942491D8EA0E100741190 /* PBXContainerItemProxy */ = {
			isa = PBXContainerItemProxy;
			containerPortal = 9FC942211D8EA0E000741190 /* Project object */;
			proxyType = 1;
			remoteGlobalIDString = 9FC942281D8EA0E000741190;
			remoteInfo = NetworkDemo;
		};
/* End PBXContainerItemProxy section */

/* Begin PBXFileReference section */
		9FA6ECF21D9109740091A2A9 /* RKRequestQueue.swift */ = {isa = PBXFileReference; fileEncoding = 4; lastKnownFileType = sourcecode.swift; path = RKRequestQueue.swift; sourceTree = "<group>"; };
		9FC942291D8EA0E000741190 /* NetworkDemo.app */ = {isa = PBXFileReference; explicitFileType = wrapper.application; includeInIndex = 0; path = NetworkDemo.app; sourceTree = BUILT_PRODUCTS_DIR; };
		9FC9422C1D8EA0E000741190 /* AppDelegate.swift */ = {isa = PBXFileReference; lastKnownFileType = sourcecode.swift; path = AppDelegate.swift; sourceTree = "<group>"; };
		9FC9422E1D8EA0E000741190 /* ViewController.swift */ = {isa = PBXFileReference; lastKnownFileType = sourcecode.swift; path = ViewController.swift; sourceTree = "<group>"; };
		9FC942311D8EA0E000741190 /* Base */ = {isa = PBXFileReference; lastKnownFileType = file.storyboard; name = Base; path = Base.lproj/Main.storyboard; sourceTree = "<group>"; };
		9FC942331D8EA0E000741190 /* Assets.xcassets */ = {isa = PBXFileReference; lastKnownFileType = folder.assetcatalog; path = Assets.xcassets; sourceTree = "<group>"; };
		9FC942361D8EA0E000741190 /* Base */ = {isa = PBXFileReference; lastKnownFileType = file.storyboard; name = Base; path = Base.lproj/LaunchScreen.storyboard; sourceTree = "<group>"; };
		9FC942381D8EA0E000741190 /* Info.plist */ = {isa = PBXFileReference; lastKnownFileType = text.plist.xml; path = Info.plist; sourceTree = "<group>"; };
		9FC9423D1D8EA0E100741190 /* NetworkDemoTests.xctest */ = {isa = PBXFileReference; explicitFileType = wrapper.cfbundle; includeInIndex = 0; path = NetworkDemoTests.xctest; sourceTree = BUILT_PRODUCTS_DIR; };
		9FC942411D8EA0E100741190 /* NetworkDemoTests.swift */ = {isa = PBXFileReference; lastKnownFileType = sourcecode.swift; path = NetworkDemoTests.swift; sourceTree = "<group>"; };
		9FC942431D8EA0E100741190 /* Info.plist */ = {isa = PBXFileReference; lastKnownFileType = text.plist.xml; path = Info.plist; sourceTree = "<group>"; };
		9FC942481D8EA0E100741190 /* NetworkDemoUITests.xctest */ = {isa = PBXFileReference; explicitFileType = wrapper.cfbundle; includeInIndex = 0; path = NetworkDemoUITests.xctest; sourceTree = BUILT_PRODUCTS_DIR; };
		9FC9424C1D8EA0E100741190 /* NetworkDemoUITests.swift */ = {isa = PBXFileReference; lastKnownFileType = sourcecode.swift; path = NetworkDemoUITests.swift; sourceTree = "<group>"; };
		9FC9424E1D8EA0E100741190 /* Info.plist */ = {isa = PBXFileReference; lastKnownFileType = text.plist.xml; path = Info.plist; sourceTree = "<group>"; };
		9FC9425B1D8EA12A00741190 /* RKRequest.swift */ = {isa = PBXFileReference; fileEncoding = 4; lastKnownFileType = sourcecode.swift; path = RKRequest.swift; sourceTree = "<group>"; };
		9FC9425F1D8EA19200741190 /* Alamofire.framework */ = {isa = PBXFileReference; lastKnownFileType = wrapper.framework; path = Alamofire.framework; sourceTree = "<group>"; };
		9FC942621D8EA24700741190 /* RKConfiguration.swift */ = {isa = PBXFileReference; fileEncoding = 4; lastKnownFileType = sourcecode.swift; path = RKConfiguration.swift; sourceTree = "<group>"; };
		9FFC3D6A1D911F86009B2A94 /* RKError.swift */ = {isa = PBXFileReference; fileEncoding = 4; lastKnownFileType = sourcecode.swift; path = RKError.swift; sourceTree = "<group>"; };
		9FFC3D6C1D912405009B2A94 /* RKTypeRequest.swift */ = {isa = PBXFileReference; fileEncoding = 4; lastKnownFileType = sourcecode.swift; path = RKTypeRequest.swift; sourceTree = "<group>"; };
/* End PBXFileReference section */

/* Begin PBXFrameworksBuildPhase section */
		9FC942261D8EA0E000741190 /* Frameworks */ = {
			isa = PBXFrameworksBuildPhase;
			buildActionMask = 2147483647;
			files = (
				9FC942601D8EA19200741190 /* Alamofire.framework in Frameworks */,
			);
			runOnlyForDeploymentPostprocessing = 0;
		};
		9FC9423A1D8EA0E100741190 /* Frameworks */ = {
			isa = PBXFrameworksBuildPhase;
			buildActionMask = 2147483647;
			files = (
			);
			runOnlyForDeploymentPostprocessing = 0;
		};
		9FC942451D8EA0E100741190 /* Frameworks */ = {
			isa = PBXFrameworksBuildPhase;
			buildActionMask = 2147483647;
			files = (
			);
			runOnlyForDeploymentPostprocessing = 0;
		};
/* End PBXFrameworksBuildPhase section */

/* Begin PBXGroup section */
		9FC942201D8EA0E000741190 = {
			isa = PBXGroup;
			children = (
				9FC9425F1D8EA19200741190 /* Alamofire.framework */,
				9FC9425A1D8EA10800741190 /* RKDataRequest */,
				9FC9422B1D8EA0E000741190 /* NetworkDemo */,
				9FC942401D8EA0E100741190 /* NetworkDemoTests */,
				9FC9424B1D8EA0E100741190 /* NetworkDemoUITests */,
				9FC9422A1D8EA0E000741190 /* Products */,
			);
			sourceTree = "<group>";
		};
		9FC9422A1D8EA0E000741190 /* Products */ = {
			isa = PBXGroup;
			children = (
				9FC942291D8EA0E000741190 /* NetworkDemo.app */,
				9FC9423D1D8EA0E100741190 /* NetworkDemoTests.xctest */,
				9FC942481D8EA0E100741190 /* NetworkDemoUITests.xctest */,
			);
			name = Products;
			sourceTree = "<group>";
		};
		9FC9422B1D8EA0E000741190 /* NetworkDemo */ = {
			isa = PBXGroup;
			children = (
				9FC9422C1D8EA0E000741190 /* AppDelegate.swift */,
				9FC9422E1D8EA0E000741190 /* ViewController.swift */,
				9FC942301D8EA0E000741190 /* Main.storyboard */,
				9FC942331D8EA0E000741190 /* Assets.xcassets */,
				9FC942351D8EA0E000741190 /* LaunchScreen.storyboard */,
				9FC942381D8EA0E000741190 /* Info.plist */,
			);
			path = NetworkDemo;
			sourceTree = "<group>";
		};
		9FC942401D8EA0E100741190 /* NetworkDemoTests */ = {
			isa = PBXGroup;
			children = (
				9FC942411D8EA0E100741190 /* NetworkDemoTests.swift */,
				9FC942431D8EA0E100741190 /* Info.plist */,
			);
			path = NetworkDemoTests;
			sourceTree = "<group>";
		};
		9FC9424B1D8EA0E100741190 /* NetworkDemoUITests */ = {
			isa = PBXGroup;
			children = (
				9FC9424C1D8EA0E100741190 /* NetworkDemoUITests.swift */,
				9FC9424E1D8EA0E100741190 /* Info.plist */,
			);
			path = NetworkDemoUITests;
			sourceTree = "<group>";
		};
		9FC9425A1D8EA10800741190 /* RKDataRequest */ = {
			isa = PBXGroup;
			children = (
				9FFC3D6A1D911F86009B2A94 /* RKError.swift */,
				9FC9425B1D8EA12A00741190 /* RKRequest.swift */,
				9FA6ECF21D9109740091A2A9 /* RKRequestQueue.swift */,
				9FC942621D8EA24700741190 /* RKConfiguration.swift */,
				9FFC3D6C1D912405009B2A94 /* RKTypeRequest.swift */,
			);
			name = RKDataRequest;
			path = ../RKDataRequest;
			sourceTree = "<group>";
		};
/* End PBXGroup section */

/* Begin PBXNativeTarget section */
		9FC942281D8EA0E000741190 /* NetworkDemo */ = {
			isa = PBXNativeTarget;
			buildConfigurationList = 9FC942511D8EA0E100741190 /* Build configuration list for PBXNativeTarget "NetworkDemo" */;
			buildPhases = (
				9FC942251D8EA0E000741190 /* Sources */,
				9FC942261D8EA0E000741190 /* Frameworks */,
				9FC942271D8EA0E000741190 /* Resources */,
			);
			buildRules = (
			);
			dependencies = (
			);
			name = NetworkDemo;
			productName = NetworkDemo;
			productReference = 9FC942291D8EA0E000741190 /* NetworkDemo.app */;
			productType = "com.apple.product-type.application";
		};
		9FC9423C1D8EA0E100741190 /* NetworkDemoTests */ = {
			isa = PBXNativeTarget;
			buildConfigurationList = 9FC942541D8EA0E100741190 /* Build configuration list for PBXNativeTarget "NetworkDemoTests" */;
			buildPhases = (
				9FC942391D8EA0E100741190 /* Sources */,
				9FC9423A1D8EA0E100741190 /* Frameworks */,
				9FC9423B1D8EA0E100741190 /* Resources */,
			);
			buildRules = (
			);
			dependencies = (
				9FC9423F1D8EA0E100741190 /* PBXTargetDependency */,
			);
			name = NetworkDemoTests;
			productName = NetworkDemoTests;
			productReference = 9FC9423D1D8EA0E100741190 /* NetworkDemoTests.xctest */;
			productType = "com.apple.product-type.bundle.unit-test";
		};
		9FC942471D8EA0E100741190 /* NetworkDemoUITests */ = {
			isa = PBXNativeTarget;
			buildConfigurationList = 9FC942571D8EA0E100741190 /* Build configuration list for PBXNativeTarget "NetworkDemoUITests" */;
			buildPhases = (
				9FC942441D8EA0E100741190 /* Sources */,
				9FC942451D8EA0E100741190 /* Frameworks */,
				9FC942461D8EA0E100741190 /* Resources */,
			);
			buildRules = (
			);
			dependencies = (
				9FC9424A1D8EA0E100741190 /* PBXTargetDependency */,
			);
			name = NetworkDemoUITests;
			productName = NetworkDemoUITests;
			productReference = 9FC942481D8EA0E100741190 /* NetworkDemoUITests.xctest */;
			productType = "com.apple.product-type.bundle.ui-testing";
		};
/* End PBXNativeTarget section */

/* Begin PBXProject section */
		9FC942211D8EA0E000741190 /* Project object */ = {
			isa = PBXProject;
			attributes = {
				LastSwiftUpdateCheck = 0800;
				LastUpgradeCheck = 0800;
				ORGANIZATIONNAME = gongruike;
				TargetAttributes = {
					9FC942281D8EA0E000741190 = {
						CreatedOnToolsVersion = 8.0;
						ProvisioningStyle = Automatic;
					};
					9FC9423C1D8EA0E100741190 = {
						CreatedOnToolsVersion = 8.0;
						ProvisioningStyle = Automatic;
						TestTargetID = 9FC942281D8EA0E000741190;
					};
					9FC942471D8EA0E100741190 = {
						CreatedOnToolsVersion = 8.0;
						ProvisioningStyle = Automatic;
						TestTargetID = 9FC942281D8EA0E000741190;
					};
				};
			};
			buildConfigurationList = 9FC942241D8EA0E000741190 /* Build configuration list for PBXProject "NetworkDemo" */;
			compatibilityVersion = "Xcode 3.2";
			developmentRegion = English;
			hasScannedForEncodings = 0;
			knownRegions = (
				en,
				Base,
			);
			mainGroup = 9FC942201D8EA0E000741190;
			productRefGroup = 9FC9422A1D8EA0E000741190 /* Products */;
			projectDirPath = "";
			projectRoot = "";
			targets = (
				9FC942281D8EA0E000741190 /* NetworkDemo */,
				9FC9423C1D8EA0E100741190 /* NetworkDemoTests */,
				9FC942471D8EA0E100741190 /* NetworkDemoUITests */,
			);
		};
/* End PBXProject section */

/* Begin PBXResourcesBuildPhase section */
		9FC942271D8EA0E000741190 /* Resources */ = {
			isa = PBXResourcesBuildPhase;
			buildActionMask = 2147483647;
			files = (
				9FC942371D8EA0E000741190 /* LaunchScreen.storyboard in Resources */,
				9FC942341D8EA0E000741190 /* Assets.xcassets in Resources */,
				9FC942321D8EA0E000741190 /* Main.storyboard in Resources */,
			);
			runOnlyForDeploymentPostprocessing = 0;
		};
		9FC9423B1D8EA0E100741190 /* Resources */ = {
			isa = PBXResourcesBuildPhase;
			buildActionMask = 2147483647;
			files = (
			);
			runOnlyForDeploymentPostprocessing = 0;
		};
		9FC942461D8EA0E100741190 /* Resources */ = {
			isa = PBXResourcesBuildPhase;
			buildActionMask = 2147483647;
			files = (
			);
			runOnlyForDeploymentPostprocessing = 0;
		};
/* End PBXResourcesBuildPhase section */

/* Begin PBXSourcesBuildPhase section */
		9FC942251D8EA0E000741190 /* Sources */ = {
			isa = PBXSourcesBuildPhase;
			buildActionMask = 2147483647;
			files = (
				9FC9422F1D8EA0E000741190 /* ViewController.swift in Sources */,
				9FC942631D8EA24700741190 /* RKConfiguration.swift in Sources */,
				9FA6ECF31D9109740091A2A9 /* RKRequestQueue.swift in Sources */,
				9FC9422D1D8EA0E000741190 /* AppDelegate.swift in Sources */,
				9FC9425C1D8EA12A00741190 /* RKRequest.swift in Sources */,
				9FFC3D6D1D912405009B2A94 /* RKTypeRequest.swift in Sources */,
				9FFC3D6B1D911F86009B2A94 /* RKError.swift in Sources */,
			);
			runOnlyForDeploymentPostprocessing = 0;
		};
		9FC942391D8EA0E100741190 /* Sources */ = {
			isa = PBXSourcesBuildPhase;
			buildActionMask = 2147483647;
			files = (
				9FC942421D8EA0E100741190 /* NetworkDemoTests.swift in Sources */,
			);
			runOnlyForDeploymentPostprocessing = 0;
		};
		9FC942441D8EA0E100741190 /* Sources */ = {
			isa = PBXSourcesBuildPhase;
			buildActionMask = 2147483647;
			files = (
				9FC9424D1D8EA0E100741190 /* NetworkDemoUITests.swift in Sources */,
			);
			runOnlyForDeploymentPostprocessing = 0;
		};
/* End PBXSourcesBuildPhase section */

/* Begin PBXTargetDependency section */
		9FC9423F1D8EA0E100741190 /* PBXTargetDependency */ = {
			isa = PBXTargetDependency;
			target = 9FC942281D8EA0E000741190 /* NetworkDemo */;
			targetProxy = 9FC9423E1D8EA0E100741190 /* PBXContainerItemProxy */;
		};
		9FC9424A1D8EA0E100741190 /* PBXTargetDependency */ = {
			isa = PBXTargetDependency;
			target = 9FC942281D8EA0E000741190 /* NetworkDemo */;
			targetProxy = 9FC942491D8EA0E100741190 /* PBXContainerItemProxy */;
		};
/* End PBXTargetDependency section */

/* Begin PBXVariantGroup section */
		9FC942301D8EA0E000741190 /* Main.storyboard */ = {
			isa = PBXVariantGroup;
			children = (
				9FC942311D8EA0E000741190 /* Base */,
			);
			name = Main.storyboard;
			sourceTree = "<group>";
		};
		9FC942351D8EA0E000741190 /* LaunchScreen.storyboard */ = {
			isa = PBXVariantGroup;
			children = (
				9FC942361D8EA0E000741190 /* Base */,
			);
			name = LaunchScreen.storyboard;
			sourceTree = "<group>";
		};
/* End PBXVariantGroup section */

/* Begin XCBuildConfiguration section */
		9FC9424F1D8EA0E100741190 /* Debug */ = {
			isa = XCBuildConfiguration;
			buildSettings = {
				ALWAYS_SEARCH_USER_PATHS = NO;
				CLANG_ANALYZER_NONNULL = YES;
				CLANG_CXX_LANGUAGE_STANDARD = "gnu++0x";
				CLANG_CXX_LIBRARY = "libc++";
				CLANG_ENABLE_MODULES = YES;
				CLANG_ENABLE_OBJC_ARC = YES;
				CLANG_WARN_BOOL_CONVERSION = YES;
				CLANG_WARN_CONSTANT_CONVERSION = YES;
				CLANG_WARN_DIRECT_OBJC_ISA_USAGE = YES_ERROR;
				CLANG_WARN_DOCUMENTATION_COMMENTS = YES;
				CLANG_WARN_EMPTY_BODY = YES;
				CLANG_WARN_ENUM_CONVERSION = YES;
				CLANG_WARN_INFINITE_RECURSION = YES;
				CLANG_WARN_INT_CONVERSION = YES;
				CLANG_WARN_OBJC_ROOT_CLASS = YES_ERROR;
				CLANG_WARN_SUSPICIOUS_MOVES = YES;
				CLANG_WARN_UNREACHABLE_CODE = YES;
				CLANG_WARN__DUPLICATE_METHOD_MATCH = YES;
				"CODE_SIGN_IDENTITY[sdk=iphoneos*]" = "iPhone Developer";
				COPY_PHASE_STRIP = NO;
				DEBUG_INFORMATION_FORMAT = dwarf;
				ENABLE_STRICT_OBJC_MSGSEND = YES;
				ENABLE_TESTABILITY = YES;
				GCC_C_LANGUAGE_STANDARD = gnu99;
				GCC_DYNAMIC_NO_PIC = NO;
				GCC_NO_COMMON_BLOCKS = YES;
				GCC_OPTIMIZATION_LEVEL = 0;
				GCC_PREPROCESSOR_DEFINITIONS = (
					"DEBUG=1",
					"$(inherited)",
				);
				GCC_WARN_64_TO_32_BIT_CONVERSION = YES;
				GCC_WARN_ABOUT_RETURN_TYPE = YES_ERROR;
				GCC_WARN_UNDECLARED_SELECTOR = YES;
				GCC_WARN_UNINITIALIZED_AUTOS = YES_AGGRESSIVE;
				GCC_WARN_UNUSED_FUNCTION = YES;
				GCC_WARN_UNUSED_VARIABLE = YES;
				IPHONEOS_DEPLOYMENT_TARGET = 9.0;
				MTL_ENABLE_DEBUG_INFO = YES;
				ONLY_ACTIVE_ARCH = YES;
				SDKROOT = iphoneos;
				SWIFT_ACTIVE_COMPILATION_CONDITIONS = DEBUG;
				SWIFT_OPTIMIZATION_LEVEL = "-Onone";
				SWIFT_VERSION = 3.0;
			};
			name = Debug;
		};
		9FC942501D8EA0E100741190 /* Release */ = {
			isa = XCBuildConfiguration;
			buildSettings = {
				ALWAYS_SEARCH_USER_PATHS = NO;
				CLANG_ANALYZER_NONNULL = YES;
				CLANG_CXX_LANGUAGE_STANDARD = "gnu++0x";
				CLANG_CXX_LIBRARY = "libc++";
				CLANG_ENABLE_MODULES = YES;
				CLANG_ENABLE_OBJC_ARC = YES;
				CLANG_WARN_BOOL_CONVERSION = YES;
				CLANG_WARN_CONSTANT_CONVERSION = YES;
				CLANG_WARN_DIRECT_OBJC_ISA_USAGE = YES_ERROR;
				CLANG_WARN_DOCUMENTATION_COMMENTS = YES;
				CLANG_WARN_EMPTY_BODY = YES;
				CLANG_WARN_ENUM_CONVERSION = YES;
				CLANG_WARN_INFINITE_RECURSION = YES;
				CLANG_WARN_INT_CONVERSION = YES;
				CLANG_WARN_OBJC_ROOT_CLASS = YES_ERROR;
				CLANG_WARN_SUSPICIOUS_MOVES = YES;
				CLANG_WARN_UNREACHABLE_CODE = YES;
				CLANG_WARN__DUPLICATE_METHOD_MATCH = YES;
				"CODE_SIGN_IDENTITY[sdk=iphoneos*]" = "iPhone Developer";
				COPY_PHASE_STRIP = NO;
				DEBUG_INFORMATION_FORMAT = "dwarf-with-dsym";
				ENABLE_NS_ASSERTIONS = NO;
				ENABLE_STRICT_OBJC_MSGSEND = YES;
				GCC_C_LANGUAGE_STANDARD = gnu99;
				GCC_NO_COMMON_BLOCKS = YES;
				GCC_WARN_64_TO_32_BIT_CONVERSION = YES;
				GCC_WARN_ABOUT_RETURN_TYPE = YES_ERROR;
				GCC_WARN_UNDECLARED_SELECTOR = YES;
				GCC_WARN_UNINITIALIZED_AUTOS = YES_AGGRESSIVE;
				GCC_WARN_UNUSED_FUNCTION = YES;
				GCC_WARN_UNUSED_VARIABLE = YES;
				IPHONEOS_DEPLOYMENT_TARGET = 9.0;
				MTL_ENABLE_DEBUG_INFO = NO;
				SDKROOT = iphoneos;
				SWIFT_OPTIMIZATION_LEVEL = "-Owholemodule";
				SWIFT_VERSION = 3.0;
				VALIDATE_PRODUCT = YES;
			};
			name = Release;
		};
		9FC942521D8EA0E100741190 /* Debug */ = {
			isa = XCBuildConfiguration;
			buildSettings = {
				ASSETCATALOG_COMPILER_APPICON_NAME = AppIcon;
				FRAMEWORK_SEARCH_PATHS = (
					"$(inherited)",
					"$(PROJECT_DIR)",
				);
				INFOPLIST_FILE = NetworkDemo/Info.plist;
				LD_RUNPATH_SEARCH_PATHS = "$(inherited) @executable_path/Frameworks";
				PRODUCT_BUNDLE_IDENTIFIER = cn.gongruike.NetworkDemo;
				PRODUCT_NAME = "$(TARGET_NAME)";
				SWIFT_VERSION = 3.0;
			};
			name = Debug;
		};
		9FC942531D8EA0E100741190 /* Release */ = {
			isa = XCBuildConfiguration;
			buildSettings = {
				ASSETCATALOG_COMPILER_APPICON_NAME = AppIcon;
				FRAMEWORK_SEARCH_PATHS = (
					"$(inherited)",
					"$(PROJECT_DIR)",
				);
				INFOPLIST_FILE = NetworkDemo/Info.plist;
				LD_RUNPATH_SEARCH_PATHS = "$(inherited) @executable_path/Frameworks";
				PRODUCT_BUNDLE_IDENTIFIER = cn.gongruike.NetworkDemo;
				PRODUCT_NAME = "$(TARGET_NAME)";
				SWIFT_VERSION = 3.0;
			};
			name = Release;
		};
		9FC942551D8EA0E100741190 /* Debug */ = {
			isa = XCBuildConfiguration;
			buildSettings = {
				ALWAYS_EMBED_SWIFT_STANDARD_LIBRARIES = YES;
				BUNDLE_LOADER = "$(TEST_HOST)";
				INFOPLIST_FILE = NetworkDemoTests/Info.plist;
				LD_RUNPATH_SEARCH_PATHS = "$(inherited) @executable_path/Frameworks @loader_path/Frameworks";
				PRODUCT_BUNDLE_IDENTIFIER = cn.gongruike.NetworkDemoTests;
				PRODUCT_NAME = "$(TARGET_NAME)";
				SWIFT_VERSION = 3.0;
				TEST_HOST = "$(BUILT_PRODUCTS_DIR)/NetworkDemo.app/NetworkDemo";
			};
			name = Debug;
		};
		9FC942561D8EA0E100741190 /* Release */ = {
			isa = XCBuildConfiguration;
			buildSettings = {
				ALWAYS_EMBED_SWIFT_STANDARD_LIBRARIES = YES;
				BUNDLE_LOADER = "$(TEST_HOST)";
				INFOPLIST_FILE = NetworkDemoTests/Info.plist;
				LD_RUNPATH_SEARCH_PATHS = "$(inherited) @executable_path/Frameworks @loader_path/Frameworks";
				PRODUCT_BUNDLE_IDENTIFIER = cn.gongruike.NetworkDemoTests;
				PRODUCT_NAME = "$(TARGET_NAME)";
				SWIFT_VERSION = 3.0;
				TEST_HOST = "$(BUILT_PRODUCTS_DIR)/NetworkDemo.app/NetworkDemo";
			};
			name = Release;
		};
		9FC942581D8EA0E100741190 /* Debug */ = {
			isa = XCBuildConfiguration;
			buildSettings = {
				ALWAYS_EMBED_SWIFT_STANDARD_LIBRARIES = YES;
				INFOPLIST_FILE = NetworkDemoUITests/Info.plist;
				LD_RUNPATH_SEARCH_PATHS = "$(inherited) @executable_path/Frameworks @loader_path/Frameworks";
				PRODUCT_BUNDLE_IDENTIFIER = cn.gongruike.NetworkDemoUITests;
				PRODUCT_NAME = "$(TARGET_NAME)";
				SWIFT_VERSION = 3.0;
				TEST_TARGET_NAME = NetworkDemo;
			};
			name = Debug;
		};
		9FC942591D8EA0E100741190 /* Release */ = {
			isa = XCBuildConfiguration;
			buildSettings = {
				ALWAYS_EMBED_SWIFT_STANDARD_LIBRARIES = YES;
				INFOPLIST_FILE = NetworkDemoUITests/Info.plist;
				LD_RUNPATH_SEARCH_PATHS = "$(inherited) @executable_path/Frameworks @loader_path/Frameworks";
				PRODUCT_BUNDLE_IDENTIFIER = cn.gongruike.NetworkDemoUITests;
				PRODUCT_NAME = "$(TARGET_NAME)";
				SWIFT_VERSION = 3.0;
				TEST_TARGET_NAME = NetworkDemo;
			};
			name = Release;
		};
/* End XCBuildConfiguration section */

/* Begin XCConfigurationList section */
		9FC942241D8EA0E000741190 /* Build configuration list for PBXProject "NetworkDemo" */ = {
			isa = XCConfigurationList;
			buildConfigurations = (
				9FC9424F1D8EA0E100741190 /* Debug */,
				9FC942501D8EA0E100741190 /* Release */,
			);
			defaultConfigurationIsVisible = 0;
			defaultConfigurationName = Release;
		};
		9FC942511D8EA0E100741190 /* Build configuration list for PBXNativeTarget "NetworkDemo" */ = {
			isa = XCConfigurationList;
			buildConfigurations = (
				9FC942521D8EA0E100741190 /* Debug */,
				9FC942531D8EA0E100741190 /* Release */,
			);
			defaultConfigurationIsVisible = 0;
			defaultConfigurationName = Release;
		};
		9FC942541D8EA0E100741190 /* Build configuration list for PBXNativeTarget "NetworkDemoTests" */ = {
			isa = XCConfigurationList;
			buildConfigurations = (
				9FC942551D8EA0E100741190 /* Debug */,
				9FC942561D8EA0E100741190 /* Release */,
			);
			defaultConfigurationIsVisible = 0;
			defaultConfigurationName = Release;
		};
		9FC942571D8EA0E100741190 /* Build configuration list for PBXNativeTarget "NetworkDemoUITests" */ = {
			isa = XCConfigurationList;
			buildConfigurations = (
				9FC942581D8EA0E100741190 /* Debug */,
				9FC942591D8EA0E100741190 /* Release */,
			);
			defaultConfigurationIsVisible = 0;
			defaultConfigurationName = Release;
		};
/* End XCConfigurationList section */
	};
	rootObject = 9FC942211D8EA0E000741190 /* Project object */;
}
