// !$*UTF8*$!
{
	archiveVersion = 1;
	classes = {
	};
	objectVersion = 46;
	objects = {

/* Begin PBXBuildFile section */
		9F55687A1E5EDA11002F9ECF /* RKRequestable.swift in Sources */ = {isa = PBXBuildFile; fileRef = 9F5568791E5EDA11002F9ECF /* RKRequestable.swift */; };
		9F5568821E5EE8A1002F9ECF /* Alamofire.framework in Frameworks */ = {isa = PBXBuildFile; fileRef = 9F1148C91E0CFD63008CB11F /* Alamofire.framework */; };
		9F5861741D93B36C00351795 /* AppDelegate.swift in Sources */ = {isa = PBXBuildFile; fileRef = 9F5861731D93B36C00351795 /* AppDelegate.swift */; };
		9F5861761D93B36C00351795 /* ViewController.swift in Sources */ = {isa = PBXBuildFile; fileRef = 9F5861751D93B36C00351795 /* ViewController.swift */; };
		9F5861791D93B36C00351795 /* Main.storyboard in Resources */ = {isa = PBXBuildFile; fileRef = 9F5861771D93B36C00351795 /* Main.storyboard */; };
		9F58617B1D93B36C00351795 /* Assets.xcassets in Resources */ = {isa = PBXBuildFile; fileRef = 9F58617A1D93B36C00351795 /* Assets.xcassets */; };
		9F58617E1D93B36C00351795 /* LaunchScreen.storyboard in Resources */ = {isa = PBXBuildFile; fileRef = 9F58617C1D93B36C00351795 /* LaunchScreen.storyboard */; };
		9F5861891D93B36C00351795 /* DemoTests.swift in Sources */ = {isa = PBXBuildFile; fileRef = 9F5861881D93B36C00351795 /* DemoTests.swift */; };
		9F5861941D93B36C00351795 /* DemoUITests.swift in Sources */ = {isa = PBXBuildFile; fileRef = 9F5861931D93B36C00351795 /* DemoUITests.swift */; };
		9F5861AA1D93B38A00351795 /* RKConfiguration.swift in Sources */ = {isa = PBXBuildFile; fileRef = 9F5861A21D93B38A00351795 /* RKConfiguration.swift */; };
		9F5861AB1D93B38A00351795 /* RKDataRequest.swift in Sources */ = {isa = PBXBuildFile; fileRef = 9F5861A31D93B38A00351795 /* RKDataRequest.swift */; };
		9F5861AD1D93B38A00351795 /* RKError.swift in Sources */ = {isa = PBXBuildFile; fileRef = 9F5861A51D93B38A00351795 /* RKError.swift */; };
		9F5861AE1D93B38A00351795 /* RKRequest.swift in Sources */ = {isa = PBXBuildFile; fileRef = 9F5861A61D93B38A00351795 /* RKRequest.swift */; };
		9F5861AF1D93B38A00351795 /* RKRequestQueue.swift in Sources */ = {isa = PBXBuildFile; fileRef = 9F5861A71D93B38A00351795 /* RKRequestQueue.swift */; };
		9F5861B01D93B38A00351795 /* RKTypeRequest.swift in Sources */ = {isa = PBXBuildFile; fileRef = 9F5861A81D93B38A00351795 /* RKTypeRequest.swift */; };
		9FD251AB1E66708000DBCDE7 /* SwiftyJSON.framework in Frameworks */ = {isa = PBXBuildFile; fileRef = 9FD2519C1E66706D00DBCDE7 /* SwiftyJSON.framework */; };
		9FD251AD1E6670C700DBCDE7 /* Alamofire-SwiftyJSON.swift in Sources */ = {isa = PBXBuildFile; fileRef = 9FD251AC1E6670C700DBCDE7 /* Alamofire-SwiftyJSON.swift */; };
		9FD251AF1E6670F000DBCDE7 /* RKSwiftyJSONRequest.swift in Sources */ = {isa = PBXBuildFile; fileRef = 9FD251AE1E6670F000DBCDE7 /* RKSwiftyJSONRequest.swift */; };
		9FD251B11E66716E00DBCDE7 /* RequestModel.swift in Sources */ = {isa = PBXBuildFile; fileRef = 9FD251B01E66716E00DBCDE7 /* RequestModel.swift */; };
		9FD251B31E66747800DBCDE7 /* HTTPClient.swift in Sources */ = {isa = PBXBuildFile; fileRef = 9FD251B21E66747800DBCDE7 /* HTTPClient.swift */; };
/* End PBXBuildFile section */

/* Begin PBXContainerItemProxy section */
		9F1148C81E0CFD63008CB11F /* PBXContainerItemProxy */ = {
			isa = PBXContainerItemProxy;
			containerPortal = 9F1148BD1E0CFD63008CB11F /* Alamofire.xcodeproj */;
			proxyType = 2;
			remoteGlobalIDString = F8111E3319A95C8B0040E7D1;
			remoteInfo = "Alamofire iOS";
		};
		9F1148CA1E0CFD63008CB11F /* PBXContainerItemProxy */ = {
			isa = PBXContainerItemProxy;
			containerPortal = 9F1148BD1E0CFD63008CB11F /* Alamofire.xcodeproj */;
			proxyType = 2;
			remoteGlobalIDString = F8111E3E19A95C8B0040E7D1;
			remoteInfo = "Alamofire iOS Tests";
		};
		9F1148CC1E0CFD63008CB11F /* PBXContainerItemProxy */ = {
			isa = PBXContainerItemProxy;
			containerPortal = 9F1148BD1E0CFD63008CB11F /* Alamofire.xcodeproj */;
			proxyType = 2;
			remoteGlobalIDString = 4DD67C0B1A5C55C900ED2280;
			remoteInfo = "Alamofire macOS";
		};
		9F1148CE1E0CFD63008CB11F /* PBXContainerItemProxy */ = {
			isa = PBXContainerItemProxy;
			containerPortal = 9F1148BD1E0CFD63008CB11F /* Alamofire.xcodeproj */;
			proxyType = 2;
			remoteGlobalIDString = F829C6B21A7A94F100A2CD59;
			remoteInfo = "Alamofire macOS Tests";
		};
		9F1148D01E0CFD63008CB11F /* PBXContainerItemProxy */ = {
			isa = PBXContainerItemProxy;
			containerPortal = 9F1148BD1E0CFD63008CB11F /* Alamofire.xcodeproj */;
			proxyType = 2;
			remoteGlobalIDString = 4CF626EF1BA7CB3E0011A099;
			remoteInfo = "Alamofire tvOS";
		};
		9F1148D21E0CFD63008CB11F /* PBXContainerItemProxy */ = {
			isa = PBXContainerItemProxy;
			containerPortal = 9F1148BD1E0CFD63008CB11F /* Alamofire.xcodeproj */;
			proxyType = 2;
			remoteGlobalIDString = 4CF626F81BA7CB3E0011A099;
			remoteInfo = "Alamofire tvOS Tests";
		};
		9F1148D41E0CFD63008CB11F /* PBXContainerItemProxy */ = {
			isa = PBXContainerItemProxy;
			containerPortal = 9F1148BD1E0CFD63008CB11F /* Alamofire.xcodeproj */;
			proxyType = 2;
			remoteGlobalIDString = E4202FE01B667AA100C997FB;
			remoteInfo = "Alamofire watchOS";
		};
		9F1148D61E0CFD6D008CB11F /* PBXContainerItemProxy */ = {
			isa = PBXContainerItemProxy;
			containerPortal = 9F1148BD1E0CFD63008CB11F /* Alamofire.xcodeproj */;
			proxyType = 1;
			remoteGlobalIDString = F8111E3219A95C8B0040E7D1;
			remoteInfo = "Alamofire iOS";
		};
		9F5861851D93B36C00351795 /* PBXContainerItemProxy */ = {
			isa = PBXContainerItemProxy;
			containerPortal = 9F5861681D93B36C00351795 /* Project object */;
			proxyType = 1;
			remoteGlobalIDString = 9F58616F1D93B36C00351795;
			remoteInfo = Demo;
		};
		9F5861901D93B36C00351795 /* PBXContainerItemProxy */ = {
			isa = PBXContainerItemProxy;
			containerPortal = 9F5861681D93B36C00351795 /* Project object */;
			proxyType = 1;
			remoteGlobalIDString = 9F58616F1D93B36C00351795;
			remoteInfo = Demo;
		};
		9FD2519B1E66706D00DBCDE7 /* PBXContainerItemProxy */ = {
			isa = PBXContainerItemProxy;
			containerPortal = 9FD2518A1E66706D00DBCDE7 /* SwiftyJSON.xcodeproj */;
			proxyType = 2;
			remoteGlobalIDString = 2E4FEFDB19575BE100351305;
			remoteInfo = "SwiftyJSON iOS";
		};
		9FD2519D1E66706D00DBCDE7 /* PBXContainerItemProxy */ = {
			isa = PBXContainerItemProxy;
			containerPortal = 9FD2518A1E66706D00DBCDE7 /* SwiftyJSON.xcodeproj */;
			proxyType = 2;
			remoteGlobalIDString = 2E4FEFE619575BE100351305;
			remoteInfo = "SwiftyJSON iOS Tests";
		};
		9FD2519F1E66706D00DBCDE7 /* PBXContainerItemProxy */ = {
			isa = PBXContainerItemProxy;
			containerPortal = 9FD2518A1E66706D00DBCDE7 /* SwiftyJSON.xcodeproj */;
			proxyType = 2;
			remoteGlobalIDString = 9C7DFC5B1A9102BD005AA3F7;
			remoteInfo = "SwiftyJSON OSX";
		};
		9FD251A11E66706D00DBCDE7 /* PBXContainerItemProxy */ = {
			isa = PBXContainerItemProxy;
			containerPortal = 9FD2518A1E66706D00DBCDE7 /* SwiftyJSON.xcodeproj */;
			proxyType = 2;
			remoteGlobalIDString = 9C7DFC651A9102BD005AA3F7;
			remoteInfo = "SwiftyJSON OSX Tests";
		};
		9FD251A31E66706D00DBCDE7 /* PBXContainerItemProxy */ = {
			isa = PBXContainerItemProxy;
			containerPortal = 9FD2518A1E66706D00DBCDE7 /* SwiftyJSON.xcodeproj */;
			proxyType = 2;
			remoteGlobalIDString = E4D7CCE81B9465A700EE7221;
			remoteInfo = "SwiftyJSON watchOS";
		};
		9FD251A51E66706D00DBCDE7 /* PBXContainerItemProxy */ = {
			isa = PBXContainerItemProxy;
			containerPortal = 9FD2518A1E66706D00DBCDE7 /* SwiftyJSON.xcodeproj */;
			proxyType = 2;
			remoteGlobalIDString = 7236B4F61BAC14150020529B;
			remoteInfo = "SwiftyJSON tvOS";
		};
		9FD251A71E66706D00DBCDE7 /* PBXContainerItemProxy */ = {
			isa = PBXContainerItemProxy;
			containerPortal = 9FD2518A1E66706D00DBCDE7 /* SwiftyJSON.xcodeproj */;
			proxyType = 2;
			remoteGlobalIDString = A8580F741BCF5C5B00DA927B;
			remoteInfo = "SwiftyJSON tvOS Tests";
		};
		9FD251A91E66707A00DBCDE7 /* PBXContainerItemProxy */ = {
			isa = PBXContainerItemProxy;
			containerPortal = 9FD2518A1E66706D00DBCDE7 /* SwiftyJSON.xcodeproj */;
			proxyType = 1;
			remoteGlobalIDString = 2E4FEFDA19575BE100351305;
			remoteInfo = "SwiftyJSON iOS";
		};
/* End PBXContainerItemProxy section */

/* Begin PBXFileReference section */
		9F1148BD1E0CFD63008CB11F /* Alamofire.xcodeproj */ = {isa = PBXFileReference; lastKnownFileType = "wrapper.pb-project"; name = Alamofire.xcodeproj; path = "Alamofire-4.2.0/Alamofire.xcodeproj"; sourceTree = "<group>"; };
		9F5568791E5EDA11002F9ECF /* RKRequestable.swift */ = {isa = PBXFileReference; fileEncoding = 4; lastKnownFileType = sourcecode.swift; path = RKRequestable.swift; sourceTree = "<group>"; };
		9F5861701D93B36C00351795 /* Demo.app */ = {isa = PBXFileReference; explicitFileType = wrapper.application; includeInIndex = 0; path = Demo.app; sourceTree = BUILT_PRODUCTS_DIR; };
		9F5861731D93B36C00351795 /* AppDelegate.swift */ = {isa = PBXFileReference; lastKnownFileType = sourcecode.swift; path = AppDelegate.swift; sourceTree = "<group>"; };
		9F5861751D93B36C00351795 /* ViewController.swift */ = {isa = PBXFileReference; lastKnownFileType = sourcecode.swift; path = ViewController.swift; sourceTree = "<group>"; };
		9F5861781D93B36C00351795 /* Base */ = {isa = PBXFileReference; lastKnownFileType = file.storyboard; name = Base; path = Base.lproj/Main.storyboard; sourceTree = "<group>"; };
		9F58617A1D93B36C00351795 /* Assets.xcassets */ = {isa = PBXFileReference; lastKnownFileType = folder.assetcatalog; path = Assets.xcassets; sourceTree = "<group>"; };
		9F58617D1D93B36C00351795 /* Base */ = {isa = PBXFileReference; lastKnownFileType = file.storyboard; name = Base; path = Base.lproj/LaunchScreen.storyboard; sourceTree = "<group>"; };
		9F58617F1D93B36C00351795 /* Info.plist */ = {isa = PBXFileReference; lastKnownFileType = text.plist.xml; path = Info.plist; sourceTree = "<group>"; };
		9F5861841D93B36C00351795 /* DemoTests.xctest */ = {isa = PBXFileReference; explicitFileType = wrapper.cfbundle; includeInIndex = 0; path = DemoTests.xctest; sourceTree = BUILT_PRODUCTS_DIR; };
		9F5861881D93B36C00351795 /* DemoTests.swift */ = {isa = PBXFileReference; lastKnownFileType = sourcecode.swift; path = DemoTests.swift; sourceTree = "<group>"; };
		9F58618A1D93B36C00351795 /* Info.plist */ = {isa = PBXFileReference; lastKnownFileType = text.plist.xml; path = Info.plist; sourceTree = "<group>"; };
		9F58618F1D93B36C00351795 /* DemoUITests.xctest */ = {isa = PBXFileReference; explicitFileType = wrapper.cfbundle; includeInIndex = 0; path = DemoUITests.xctest; sourceTree = BUILT_PRODUCTS_DIR; };
		9F5861931D93B36C00351795 /* DemoUITests.swift */ = {isa = PBXFileReference; lastKnownFileType = sourcecode.swift; path = DemoUITests.swift; sourceTree = "<group>"; };
		9F5861951D93B36C00351795 /* Info.plist */ = {isa = PBXFileReference; lastKnownFileType = text.plist.xml; path = Info.plist; sourceTree = "<group>"; };
		9F5861A21D93B38A00351795 /* RKConfiguration.swift */ = {isa = PBXFileReference; fileEncoding = 4; lastKnownFileType = sourcecode.swift; path = RKConfiguration.swift; sourceTree = "<group>"; };
		9F5861A31D93B38A00351795 /* RKDataRequest.swift */ = {isa = PBXFileReference; fileEncoding = 4; lastKnownFileType = sourcecode.swift; path = RKDataRequest.swift; sourceTree = "<group>"; };
		9F5861A51D93B38A00351795 /* RKError.swift */ = {isa = PBXFileReference; fileEncoding = 4; lastKnownFileType = sourcecode.swift; path = RKError.swift; sourceTree = "<group>"; };
		9F5861A61D93B38A00351795 /* RKRequest.swift */ = {isa = PBXFileReference; fileEncoding = 4; lastKnownFileType = sourcecode.swift; path = RKRequest.swift; sourceTree = "<group>"; };
		9F5861A71D93B38A00351795 /* RKRequestQueue.swift */ = {isa = PBXFileReference; fileEncoding = 4; lastKnownFileType = sourcecode.swift; path = RKRequestQueue.swift; sourceTree = "<group>"; };
		9F5861A81D93B38A00351795 /* RKTypeRequest.swift */ = {isa = PBXFileReference; fileEncoding = 4; lastKnownFileType = sourcecode.swift; path = RKTypeRequest.swift; sourceTree = "<group>"; };
		9FD2518A1E66706D00DBCDE7 /* SwiftyJSON.xcodeproj */ = {isa = PBXFileReference; lastKnownFileType = "wrapper.pb-project"; name = SwiftyJSON.xcodeproj; path = "SwiftyJSON-3.1.4/SwiftyJSON.xcodeproj"; sourceTree = "<group>"; };
		9FD251AC1E6670C700DBCDE7 /* Alamofire-SwiftyJSON.swift */ = {isa = PBXFileReference; fileEncoding = 4; lastKnownFileType = sourcecode.swift; path = "Alamofire-SwiftyJSON.swift"; sourceTree = "<group>"; };
		9FD251AE1E6670F000DBCDE7 /* RKSwiftyJSONRequest.swift */ = {isa = PBXFileReference; fileEncoding = 4; lastKnownFileType = sourcecode.swift; path = RKSwiftyJSONRequest.swift; sourceTree = "<group>"; };
		9FD251B01E66716E00DBCDE7 /* RequestModel.swift */ = {isa = PBXFileReference; fileEncoding = 4; lastKnownFileType = sourcecode.swift; path = RequestModel.swift; sourceTree = "<group>"; };
		9FD251B21E66747800DBCDE7 /* HTTPClient.swift */ = {isa = PBXFileReference; fileEncoding = 4; lastKnownFileType = sourcecode.swift; path = HTTPClient.swift; sourceTree = "<group>"; };
/* End PBXFileReference section */

/* Begin PBXFrameworksBuildPhase section */
		9F58616D1D93B36C00351795 /* Frameworks */ = {
			isa = PBXFrameworksBuildPhase;
			buildActionMask = 2147483647;
			files = (
				9FD251AB1E66708000DBCDE7 /* SwiftyJSON.framework in Frameworks */,
				9F5568821E5EE8A1002F9ECF /* Alamofire.framework in Frameworks */,
			);
			runOnlyForDeploymentPostprocessing = 0;
		};
		9F5861811D93B36C00351795 /* Frameworks */ = {
			isa = PBXFrameworksBuildPhase;
			buildActionMask = 2147483647;
			files = (
			);
			runOnlyForDeploymentPostprocessing = 0;
		};
		9F58618C1D93B36C00351795 /* Frameworks */ = {
			isa = PBXFrameworksBuildPhase;
			buildActionMask = 2147483647;
			files = (
			);
			runOnlyForDeploymentPostprocessing = 0;
		};
/* End PBXFrameworksBuildPhase section */

/* Begin PBXGroup section */
		9F1148BE1E0CFD63008CB11F /* Products */ = {
			isa = PBXGroup;
			children = (
				9F1148C91E0CFD63008CB11F /* Alamofire.framework */,
				9F1148CB1E0CFD63008CB11F /* Alamofire iOS Tests.xctest */,
				9F1148CD1E0CFD63008CB11F /* Alamofire.framework */,
				9F1148CF1E0CFD63008CB11F /* Alamofire macOS Tests.xctest */,
				9F1148D11E0CFD63008CB11F /* Alamofire.framework */,
				9F1148D31E0CFD63008CB11F /* Alamofire tvOS Tests.xctest */,
				9F1148D51E0CFD63008CB11F /* Alamofire.framework */,
			);
			name = Products;
			sourceTree = "<group>";
		};
		9F5861671D93B36C00351795 = {
			isa = PBXGroup;
			children = (
				9FD2518A1E66706D00DBCDE7 /* SwiftyJSON.xcodeproj */,
				9F1148BD1E0CFD63008CB11F /* Alamofire.xcodeproj */,
				9F5861A11D93B38A00351795 /* RKRequest3 */,
				9F5861721D93B36C00351795 /* Demo */,
				9F5861871D93B36C00351795 /* DemoTests */,
				9F5861921D93B36C00351795 /* DemoUITests */,
				9F5861711D93B36C00351795 /* Products */,
			);
			sourceTree = "<group>";
		};
		9F5861711D93B36C00351795 /* Products */ = {
			isa = PBXGroup;
			children = (
				9F5861701D93B36C00351795 /* Demo.app */,
				9F5861841D93B36C00351795 /* DemoTests.xctest */,
				9F58618F1D93B36C00351795 /* DemoUITests.xctest */,
			);
			name = Products;
			sourceTree = "<group>";
		};
		9F5861721D93B36C00351795 /* Demo */ = {
			isa = PBXGroup;
			children = (
				9F5861731D93B36C00351795 /* AppDelegate.swift */,
				9F5861751D93B36C00351795 /* ViewController.swift */,
				9FD251AC1E6670C700DBCDE7 /* Alamofire-SwiftyJSON.swift */,
				9FD251AE1E6670F000DBCDE7 /* RKSwiftyJSONRequest.swift */,
				9FD251B01E66716E00DBCDE7 /* RequestModel.swift */,
				9FD251B21E66747800DBCDE7 /* HTTPClient.swift */,
				9F5861771D93B36C00351795 /* Main.storyboard */,
				9F58617A1D93B36C00351795 /* Assets.xcassets */,
				9F58617C1D93B36C00351795 /* LaunchScreen.storyboard */,
				9F58617F1D93B36C00351795 /* Info.plist */,
			);
			path = Demo;
			sourceTree = "<group>";
		};
		9F5861871D93B36C00351795 /* DemoTests */ = {
			isa = PBXGroup;
			children = (
				9F5861881D93B36C00351795 /* DemoTests.swift */,
				9F58618A1D93B36C00351795 /* Info.plist */,
			);
			path = DemoTests;
			sourceTree = "<group>";
		};
		9F5861921D93B36C00351795 /* DemoUITests */ = {
			isa = PBXGroup;
			children = (
				9F5861931D93B36C00351795 /* DemoUITests.swift */,
				9F5861951D93B36C00351795 /* Info.plist */,
			);
			path = DemoUITests;
			sourceTree = "<group>";
		};
		9F5861A11D93B38A00351795 /* RKRequest3 */ = {
			isa = PBXGroup;
			children = (
				9F5861A21D93B38A00351795 /* RKConfiguration.swift */,
				9F5861A31D93B38A00351795 /* RKDataRequest.swift */,
				9F5861A51D93B38A00351795 /* RKError.swift */,
				9F5861A61D93B38A00351795 /* RKRequest.swift */,
				9F5568791E5EDA11002F9ECF /* RKRequestable.swift */,
				9F5861A71D93B38A00351795 /* RKRequestQueue.swift */,
				9F5861A81D93B38A00351795 /* RKTypeRequest.swift */,
			);
			name = RKRequest3;
			path = ../RKRequest3;
			sourceTree = "<group>";
		};
		9FD2518B1E66706D00DBCDE7 /* Products */ = {
			isa = PBXGroup;
			children = (
				9FD2519C1E66706D00DBCDE7 /* SwiftyJSON.framework */,
				9FD2519E1E66706D00DBCDE7 /* SwiftyJSON iOS Tests.xctest */,
				9FD251A01E66706D00DBCDE7 /* SwiftyJSON.framework */,
				9FD251A21E66706D00DBCDE7 /* SwiftyJSON OSX Tests.xctest */,
				9FD251A41E66706D00DBCDE7 /* SwiftyJSON.framework */,
				9FD251A61E66706D00DBCDE7 /* SwiftyJSON.framework */,
				9FD251A81E66706D00DBCDE7 /* SwiftyJSON tvOS Tests.xctest */,
			);
			name = Products;
			sourceTree = "<group>";
		};
/* End PBXGroup section */

/* Begin PBXNativeTarget section */
		9F58616F1D93B36C00351795 /* Demo */ = {
			isa = PBXNativeTarget;
			buildConfigurationList = 9F5861981D93B36C00351795 /* Build configuration list for PBXNativeTarget "Demo" */;
			buildPhases = (
				9F58616C1D93B36C00351795 /* Sources */,
				9F58616D1D93B36C00351795 /* Frameworks */,
				9F58616E1D93B36C00351795 /* Resources */,
			);
			buildRules = (
			);
			dependencies = (
				9FD251AA1E66707A00DBCDE7 /* PBXTargetDependency */,
				9F1148D71E0CFD6D008CB11F /* PBXTargetDependency */,
			);
			name = Demo;
			productName = Demo;
			productReference = 9F5861701D93B36C00351795 /* Demo.app */;
			productType = "com.apple.product-type.application";
		};
		9F5861831D93B36C00351795 /* DemoTests */ = {
			isa = PBXNativeTarget;
			buildConfigurationList = 9F58619B1D93B36C00351795 /* Build configuration list for PBXNativeTarget "DemoTests" */;
			buildPhases = (
				9F5861801D93B36C00351795 /* Sources */,
				9F5861811D93B36C00351795 /* Frameworks */,
				9F5861821D93B36C00351795 /* Resources */,
			);
			buildRules = (
			);
			dependencies = (
				9F5861861D93B36C00351795 /* PBXTargetDependency */,
			);
			name = DemoTests;
			productName = DemoTests;
			productReference = 9F5861841D93B36C00351795 /* DemoTests.xctest */;
			productType = "com.apple.product-type.bundle.unit-test";
		};
		9F58618E1D93B36C00351795 /* DemoUITests */ = {
			isa = PBXNativeTarget;
			buildConfigurationList = 9F58619E1D93B36C00351795 /* Build configuration list for PBXNativeTarget "DemoUITests" */;
			buildPhases = (
				9F58618B1D93B36C00351795 /* Sources */,
				9F58618C1D93B36C00351795 /* Frameworks */,
				9F58618D1D93B36C00351795 /* Resources */,
			);
			buildRules = (
			);
			dependencies = (
				9F5861911D93B36C00351795 /* PBXTargetDependency */,
			);
			name = DemoUITests;
			productName = DemoUITests;
			productReference = 9F58618F1D93B36C00351795 /* DemoUITests.xctest */;
			productType = "com.apple.product-type.bundle.ui-testing";
		};
/* End PBXNativeTarget section */

/* Begin PBXProject section */
		9F5861681D93B36C00351795 /* Project object */ = {
			isa = PBXProject;
			attributes = {
				LastSwiftUpdateCheck = 0800;
				LastUpgradeCheck = 0820;
				ORGANIZATIONNAME = gongruike;
				TargetAttributes = {
					9F58616F1D93B36C00351795 = {
						CreatedOnToolsVersion = 8.0;
						ProvisioningStyle = Automatic;
					};
					9F5861831D93B36C00351795 = {
						CreatedOnToolsVersion = 8.0;
						ProvisioningStyle = Automatic;
						TestTargetID = 9F58616F1D93B36C00351795;
					};
					9F58618E1D93B36C00351795 = {
						CreatedOnToolsVersion = 8.0;
						ProvisioningStyle = Automatic;
						TestTargetID = 9F58616F1D93B36C00351795;
					};
				};
			};
			buildConfigurationList = 9F58616B1D93B36C00351795 /* Build configuration list for PBXProject "Demo" */;
			compatibilityVersion = "Xcode 3.2";
			developmentRegion = English;
			hasScannedForEncodings = 0;
			knownRegions = (
				en,
				Base,
			);
			mainGroup = 9F5861671D93B36C00351795;
			productRefGroup = 9F5861711D93B36C00351795 /* Products */;
			projectDirPath = "";
			projectReferences = (
				{
					ProductGroup = 9F1148BE1E0CFD63008CB11F /* Products */;
					ProjectRef = 9F1148BD1E0CFD63008CB11F /* Alamofire.xcodeproj */;
				},
				{
					ProductGroup = 9FD2518B1E66706D00DBCDE7 /* Products */;
					ProjectRef = 9FD2518A1E66706D00DBCDE7 /* SwiftyJSON.xcodeproj */;
				},
			);
			projectRoot = "";
			targets = (
				9F58616F1D93B36C00351795 /* Demo */,
				9F5861831D93B36C00351795 /* DemoTests */,
				9F58618E1D93B36C00351795 /* DemoUITests */,
			);
		};
/* End PBXProject section */

/* Begin PBXReferenceProxy section */
		9F1148C91E0CFD63008CB11F /* Alamofire.framework */ = {
			isa = PBXReferenceProxy;
			fileType = wrapper.framework;
			path = Alamofire.framework;
			remoteRef = 9F1148C81E0CFD63008CB11F /* PBXContainerItemProxy */;
			sourceTree = BUILT_PRODUCTS_DIR;
		};
		9F1148CB1E0CFD63008CB11F /* Alamofire iOS Tests.xctest */ = {
			isa = PBXReferenceProxy;
			fileType = wrapper.cfbundle;
			path = "Alamofire iOS Tests.xctest";
			remoteRef = 9F1148CA1E0CFD63008CB11F /* PBXContainerItemProxy */;
			sourceTree = BUILT_PRODUCTS_DIR;
		};
		9F1148CD1E0CFD63008CB11F /* Alamofire.framework */ = {
			isa = PBXReferenceProxy;
			fileType = wrapper.framework;
			path = Alamofire.framework;
			remoteRef = 9F1148CC1E0CFD63008CB11F /* PBXContainerItemProxy */;
			sourceTree = BUILT_PRODUCTS_DIR;
		};
		9F1148CF1E0CFD63008CB11F /* Alamofire macOS Tests.xctest */ = {
			isa = PBXReferenceProxy;
			fileType = wrapper.cfbundle;
			path = "Alamofire macOS Tests.xctest";
			remoteRef = 9F1148CE1E0CFD63008CB11F /* PBXContainerItemProxy */;
			sourceTree = BUILT_PRODUCTS_DIR;
		};
		9F1148D11E0CFD63008CB11F /* Alamofire.framework */ = {
			isa = PBXReferenceProxy;
			fileType = wrapper.framework;
			path = Alamofire.framework;
			remoteRef = 9F1148D01E0CFD63008CB11F /* PBXContainerItemProxy */;
			sourceTree = BUILT_PRODUCTS_DIR;
		};
		9F1148D31E0CFD63008CB11F /* Alamofire tvOS Tests.xctest */ = {
			isa = PBXReferenceProxy;
			fileType = wrapper.cfbundle;
			path = "Alamofire tvOS Tests.xctest";
			remoteRef = 9F1148D21E0CFD63008CB11F /* PBXContainerItemProxy */;
			sourceTree = BUILT_PRODUCTS_DIR;
		};
		9F1148D51E0CFD63008CB11F /* Alamofire.framework */ = {
			isa = PBXReferenceProxy;
			fileType = wrapper.framework;
			path = Alamofire.framework;
			remoteRef = 9F1148D41E0CFD63008CB11F /* PBXContainerItemProxy */;
			sourceTree = BUILT_PRODUCTS_DIR;
		};
		9FD2519C1E66706D00DBCDE7 /* SwiftyJSON.framework */ = {
			isa = PBXReferenceProxy;
			fileType = wrapper.framework;
			path = SwiftyJSON.framework;
			remoteRef = 9FD2519B1E66706D00DBCDE7 /* PBXContainerItemProxy */;
			sourceTree = BUILT_PRODUCTS_DIR;
		};
		9FD2519E1E66706D00DBCDE7 /* SwiftyJSON iOS Tests.xctest */ = {
			isa = PBXReferenceProxy;
			fileType = wrapper.cfbundle;
			path = "SwiftyJSON iOS Tests.xctest";
			remoteRef = 9FD2519D1E66706D00DBCDE7 /* PBXContainerItemProxy */;
			sourceTree = BUILT_PRODUCTS_DIR;
		};
		9FD251A01E66706D00DBCDE7 /* SwiftyJSON.framework */ = {
			isa = PBXReferenceProxy;
			fileType = wrapper.framework;
			path = SwiftyJSON.framework;
			remoteRef = 9FD2519F1E66706D00DBCDE7 /* PBXContainerItemProxy */;
			sourceTree = BUILT_PRODUCTS_DIR;
		};
		9FD251A21E66706D00DBCDE7 /* SwiftyJSON OSX Tests.xctest */ = {
			isa = PBXReferenceProxy;
			fileType = wrapper.cfbundle;
			path = "SwiftyJSON OSX Tests.xctest";
			remoteRef = 9FD251A11E66706D00DBCDE7 /* PBXContainerItemProxy */;
			sourceTree = BUILT_PRODUCTS_DIR;
		};
		9FD251A41E66706D00DBCDE7 /* SwiftyJSON.framework */ = {
			isa = PBXReferenceProxy;
			fileType = wrapper.framework;
			path = SwiftyJSON.framework;
			remoteRef = 9FD251A31E66706D00DBCDE7 /* PBXContainerItemProxy */;
			sourceTree = BUILT_PRODUCTS_DIR;
		};
		9FD251A61E66706D00DBCDE7 /* SwiftyJSON.framework */ = {
			isa = PBXReferenceProxy;
			fileType = wrapper.framework;
			path = SwiftyJSON.framework;
			remoteRef = 9FD251A51E66706D00DBCDE7 /* PBXContainerItemProxy */;
			sourceTree = BUILT_PRODUCTS_DIR;
		};
		9FD251A81E66706D00DBCDE7 /* SwiftyJSON tvOS Tests.xctest */ = {
			isa = PBXReferenceProxy;
			fileType = wrapper.cfbundle;
			path = "SwiftyJSON tvOS Tests.xctest";
			remoteRef = 9FD251A71E66706D00DBCDE7 /* PBXContainerItemProxy */;
			sourceTree = BUILT_PRODUCTS_DIR;
		};
/* End PBXReferenceProxy section */

/* Begin PBXResourcesBuildPhase section */
		9F58616E1D93B36C00351795 /* Resources */ = {
			isa = PBXResourcesBuildPhase;
			buildActionMask = 2147483647;
			files = (
				9F58617E1D93B36C00351795 /* LaunchScreen.storyboard in Resources */,
				9F58617B1D93B36C00351795 /* Assets.xcassets in Resources */,
				9F5861791D93B36C00351795 /* Main.storyboard in Resources */,
			);
			runOnlyForDeploymentPostprocessing = 0;
		};
		9F5861821D93B36C00351795 /* Resources */ = {
			isa = PBXResourcesBuildPhase;
			buildActionMask = 2147483647;
			files = (
			);
			runOnlyForDeploymentPostprocessing = 0;
		};
		9F58618D1D93B36C00351795 /* Resources */ = {
			isa = PBXResourcesBuildPhase;
			buildActionMask = 2147483647;
			files = (
			);
			runOnlyForDeploymentPostprocessing = 0;
		};
/* End PBXResourcesBuildPhase section */

/* Begin PBXSourcesBuildPhase section */
		9F58616C1D93B36C00351795 /* Sources */ = {
			isa = PBXSourcesBuildPhase;
			buildActionMask = 2147483647;
			files = (
				9F5861AA1D93B38A00351795 /* RKConfiguration.swift in Sources */,
				9F5861AF1D93B38A00351795 /* RKRequestQueue.swift in Sources */,
				9FD251B31E66747800DBCDE7 /* HTTPClient.swift in Sources */,
				9FD251AD1E6670C700DBCDE7 /* Alamofire-SwiftyJSON.swift in Sources */,
				9F5861761D93B36C00351795 /* ViewController.swift in Sources */,
				9F5861AB1D93B38A00351795 /* RKDataRequest.swift in Sources */,
				9FD251AF1E6670F000DBCDE7 /* RKSwiftyJSONRequest.swift in Sources */,
				9F5861AE1D93B38A00351795 /* RKRequest.swift in Sources */,
				9F5861B01D93B38A00351795 /* RKTypeRequest.swift in Sources */,
				9F5861741D93B36C00351795 /* AppDelegate.swift in Sources */,
				9F55687A1E5EDA11002F9ECF /* RKRequestable.swift in Sources */,
				9F5861AD1D93B38A00351795 /* RKError.swift in Sources */,
				9FD251B11E66716E00DBCDE7 /* RequestModel.swift in Sources */,
			);
			runOnlyForDeploymentPostprocessing = 0;
		};
		9F5861801D93B36C00351795 /* Sources */ = {
			isa = PBXSourcesBuildPhase;
			buildActionMask = 2147483647;
			files = (
				9F5861891D93B36C00351795 /* DemoTests.swift in Sources */,
			);
			runOnlyForDeploymentPostprocessing = 0;
		};
		9F58618B1D93B36C00351795 /* Sources */ = {
			isa = PBXSourcesBuildPhase;
			buildActionMask = 2147483647;
			files = (
				9F5861941D93B36C00351795 /* DemoUITests.swift in Sources */,
			);
			runOnlyForDeploymentPostprocessing = 0;
		};
/* End PBXSourcesBuildPhase section */

/* Begin PBXTargetDependency section */
		9F1148D71E0CFD6D008CB11F /* PBXTargetDependency */ = {
			isa = PBXTargetDependency;
			name = "Alamofire iOS";
			targetProxy = 9F1148D61E0CFD6D008CB11F /* PBXContainerItemProxy */;
		};
		9F5861861D93B36C00351795 /* PBXTargetDependency */ = {
			isa = PBXTargetDependency;
			target = 9F58616F1D93B36C00351795 /* Demo */;
			targetProxy = 9F5861851D93B36C00351795 /* PBXContainerItemProxy */;
		};
		9F5861911D93B36C00351795 /* PBXTargetDependency */ = {
			isa = PBXTargetDependency;
			target = 9F58616F1D93B36C00351795 /* Demo */;
			targetProxy = 9F5861901D93B36C00351795 /* PBXContainerItemProxy */;
		};
		9FD251AA1E66707A00DBCDE7 /* PBXTargetDependency */ = {
			isa = PBXTargetDependency;
			name = "SwiftyJSON iOS";
			targetProxy = 9FD251A91E66707A00DBCDE7 /* PBXContainerItemProxy */;
		};
/* End PBXTargetDependency section */

/* Begin PBXVariantGroup section */
		9F5861771D93B36C00351795 /* Main.storyboard */ = {
			isa = PBXVariantGroup;
			children = (
				9F5861781D93B36C00351795 /* Base */,
			);
			name = Main.storyboard;
			sourceTree = "<group>";
		};
		9F58617C1D93B36C00351795 /* LaunchScreen.storyboard */ = {
			isa = PBXVariantGroup;
			children = (
				9F58617D1D93B36C00351795 /* Base */,
			);
			name = LaunchScreen.storyboard;
			sourceTree = "<group>";
		};
/* End PBXVariantGroup section */

/* Begin XCBuildConfiguration section */
		9F5861961D93B36C00351795 /* Debug */ = {
			isa = XCBuildConfiguration;
			buildSettings = {
				ALWAYS_SEARCH_USER_PATHS = NO;
				CLANG_ANALYZER_NONNULL = YES;
				CLANG_CXX_LANGUAGE_STANDARD = "gnu++0x";
				CLANG_CXX_LIBRARY = "libc++";
				CLANG_ENABLE_MODULES = YES;
				CLANG_ENABLE_OBJC_ARC = YES;
				CLANG_WARN_BOOL_CONVERSION = YES;
				CLANG_WARN_CONSTANT_CONVERSION = YES;
				CLANG_WARN_DIRECT_OBJC_ISA_USAGE = YES_ERROR;
				CLANG_WARN_DOCUMENTATION_COMMENTS = YES;
				CLANG_WARN_EMPTY_BODY = YES;
				CLANG_WARN_ENUM_CONVERSION = YES;
				CLANG_WARN_INFINITE_RECURSION = YES;
				CLANG_WARN_INT_CONVERSION = YES;
				CLANG_WARN_OBJC_ROOT_CLASS = YES_ERROR;
				CLANG_WARN_SUSPICIOUS_MOVE = YES;
				CLANG_WARN_SUSPICIOUS_MOVES = YES;
				CLANG_WARN_UNREACHABLE_CODE = YES;
				CLANG_WARN__DUPLICATE_METHOD_MATCH = YES;
				"CODE_SIGN_IDENTITY[sdk=iphoneos*]" = "iPhone Developer";
				COPY_PHASE_STRIP = NO;
				DEBUG_INFORMATION_FORMAT = dwarf;
				ENABLE_STRICT_OBJC_MSGSEND = YES;
				ENABLE_TESTABILITY = YES;
				GCC_C_LANGUAGE_STANDARD = gnu99;
				GCC_DYNAMIC_NO_PIC = NO;
				GCC_NO_COMMON_BLOCKS = YES;
				GCC_OPTIMIZATION_LEVEL = 0;
				GCC_PREPROCESSOR_DEFINITIONS = (
					"DEBUG=1",
					"$(inherited)",
				);
				GCC_WARN_64_TO_32_BIT_CONVERSION = YES;
				GCC_WARN_ABOUT_RETURN_TYPE = YES_ERROR;
				GCC_WARN_UNDECLARED_SELECTOR = YES;
				GCC_WARN_UNINITIALIZED_AUTOS = YES_AGGRESSIVE;
				GCC_WARN_UNUSED_FUNCTION = YES;
				GCC_WARN_UNUSED_VARIABLE = YES;
				IPHONEOS_DEPLOYMENT_TARGET = 8.0;
				MTL_ENABLE_DEBUG_INFO = YES;
				ONLY_ACTIVE_ARCH = YES;
				SDKROOT = iphoneos;
				SWIFT_ACTIVE_COMPILATION_CONDITIONS = DEBUG;
				SWIFT_OPTIMIZATION_LEVEL = "-Onone";
			};
			name = Debug;
		};
		9F5861971D93B36C00351795 /* Release */ = {
			isa = XCBuildConfiguration;
			buildSettings = {
				ALWAYS_SEARCH_USER_PATHS = NO;
				CLANG_ANALYZER_NONNULL = YES;
				CLANG_CXX_LANGUAGE_STANDARD = "gnu++0x";
				CLANG_CXX_LIBRARY = "libc++";
				CLANG_ENABLE_MODULES = YES;
				CLANG_ENABLE_OBJC_ARC = YES;
				CLANG_WARN_BOOL_CONVERSION = YES;
				CLANG_WARN_CONSTANT_CONVERSION = YES;
				CLANG_WARN_DIRECT_OBJC_ISA_USAGE = YES_ERROR;
				CLANG_WARN_DOCUMENTATION_COMMENTS = YES;
				CLANG_WARN_EMPTY_BODY = YES;
				CLANG_WARN_ENUM_CONVERSION = YES;
				CLANG_WARN_INFINITE_RECURSION = YES;
				CLANG_WARN_INT_CONVERSION = YES;
				CLANG_WARN_OBJC_ROOT_CLASS = YES_ERROR;
				CLANG_WARN_SUSPICIOUS_MOVE = YES;
				CLANG_WARN_SUSPICIOUS_MOVES = YES;
				CLANG_WARN_UNREACHABLE_CODE = YES;
				CLANG_WARN__DUPLICATE_METHOD_MATCH = YES;
				"CODE_SIGN_IDENTITY[sdk=iphoneos*]" = "iPhone Developer";
				COPY_PHASE_STRIP = NO;
				DEBUG_INFORMATION_FORMAT = "dwarf-with-dsym";
				ENABLE_NS_ASSERTIONS = NO;
				ENABLE_STRICT_OBJC_MSGSEND = YES;
				GCC_C_LANGUAGE_STANDARD = gnu99;
				GCC_NO_COMMON_BLOCKS = YES;
				GCC_WARN_64_TO_32_BIT_CONVERSION = YES;
				GCC_WARN_ABOUT_RETURN_TYPE = YES_ERROR;
				GCC_WARN_UNDECLARED_SELECTOR = YES;
				GCC_WARN_UNINITIALIZED_AUTOS = YES_AGGRESSIVE;
				GCC_WARN_UNUSED_FUNCTION = YES;
				GCC_WARN_UNUSED_VARIABLE = YES;
				IPHONEOS_DEPLOYMENT_TARGET = 8.0;
				MTL_ENABLE_DEBUG_INFO = NO;
				SDKROOT = iphoneos;
				SWIFT_OPTIMIZATION_LEVEL = "-Owholemodule";
				VALIDATE_PRODUCT = YES;
			};
			name = Release;
		};
		9F5861991D93B36C00351795 /* Debug */ = {
			isa = XCBuildConfiguration;
			buildSettings = {
				ASSETCATALOG_COMPILER_APPICON_NAME = AppIcon;
				FRAMEWORK_SEARCH_PATHS = (
					"$(inherited)",
					"$(PROJECT_DIR)",
				);
				INFOPLIST_FILE = Demo/Info.plist;
				LD_RUNPATH_SEARCH_PATHS = "$(inherited) @executable_path/Frameworks";
				PRODUCT_BUNDLE_IDENTIFIER = cn.gongruike.Demo;
				PRODUCT_NAME = "$(TARGET_NAME)";
				SWIFT_VERSION = 3.0;
			};
			name = Debug;
		};
		9F58619A1D93B36C00351795 /* Release */ = {
			isa = XCBuildConfiguration;
			buildSettings = {
				ASSETCATALOG_COMPILER_APPICON_NAME = AppIcon;
				FRAMEWORK_SEARCH_PATHS = (
					"$(inherited)",
					"$(PROJECT_DIR)",
				);
				INFOPLIST_FILE = Demo/Info.plist;
				LD_RUNPATH_SEARCH_PATHS = "$(inherited) @executable_path/Frameworks";
				PRODUCT_BUNDLE_IDENTIFIER = cn.gongruike.Demo;
				PRODUCT_NAME = "$(TARGET_NAME)";
				SWIFT_VERSION = 3.0;
			};
			name = Release;
		};
		9F58619C1D93B36C00351795 /* Debug */ = {
			isa = XCBuildConfiguration;
			buildSettings = {
				ALWAYS_EMBED_SWIFT_STANDARD_LIBRARIES = YES;
				BUNDLE_LOADER = "$(TEST_HOST)";
				INFOPLIST_FILE = DemoTests/Info.plist;
				LD_RUNPATH_SEARCH_PATHS = "$(inherited) @executable_path/Frameworks @loader_path/Frameworks";
				PRODUCT_BUNDLE_IDENTIFIER = cn.gongruike.DemoTests;
				PRODUCT_NAME = "$(TARGET_NAME)";
				SWIFT_VERSION = 3.0;
				TEST_HOST = "$(BUILT_PRODUCTS_DIR)/Demo.app/Demo";
			};
			name = Debug;
		};
		9F58619D1D93B36C00351795 /* Release */ = {
			isa = XCBuildConfiguration;
			buildSettings = {
				ALWAYS_EMBED_SWIFT_STANDARD_LIBRARIES = YES;
				BUNDLE_LOADER = "$(TEST_HOST)";
				INFOPLIST_FILE = DemoTests/Info.plist;
				LD_RUNPATH_SEARCH_PATHS = "$(inherited) @executable_path/Frameworks @loader_path/Frameworks";
				PRODUCT_BUNDLE_IDENTIFIER = cn.gongruike.DemoTests;
				PRODUCT_NAME = "$(TARGET_NAME)";
				SWIFT_VERSION = 3.0;
				TEST_HOST = "$(BUILT_PRODUCTS_DIR)/Demo.app/Demo";
			};
			name = Release;
		};
		9F58619F1D93B36C00351795 /* Debug */ = {
			isa = XCBuildConfiguration;
			buildSettings = {
				ALWAYS_EMBED_SWIFT_STANDARD_LIBRARIES = YES;
				INFOPLIST_FILE = DemoUITests/Info.plist;
				LD_RUNPATH_SEARCH_PATHS = "$(inherited) @executable_path/Frameworks @loader_path/Frameworks";
				PRODUCT_BUNDLE_IDENTIFIER = cn.gongruike.DemoUITests;
				PRODUCT_NAME = "$(TARGET_NAME)";
				SWIFT_VERSION = 3.0;
				TEST_TARGET_NAME = Demo;
			};
			name = Debug;
		};
		9F5861A01D93B36C00351795 /* Release */ = {
			isa = XCBuildConfiguration;
			buildSettings = {
				ALWAYS_EMBED_SWIFT_STANDARD_LIBRARIES = YES;
				INFOPLIST_FILE = DemoUITests/Info.plist;
				LD_RUNPATH_SEARCH_PATHS = "$(inherited) @executable_path/Frameworks @loader_path/Frameworks";
				PRODUCT_BUNDLE_IDENTIFIER = cn.gongruike.DemoUITests;
				PRODUCT_NAME = "$(TARGET_NAME)";
				SWIFT_VERSION = 3.0;
				TEST_TARGET_NAME = Demo;
			};
			name = Release;
		};
/* End XCBuildConfiguration section */

/* Begin XCConfigurationList section */
		9F58616B1D93B36C00351795 /* Build configuration list for PBXProject "Demo" */ = {
			isa = XCConfigurationList;
			buildConfigurations = (
				9F5861961D93B36C00351795 /* Debug */,
				9F5861971D93B36C00351795 /* Release */,
			);
			defaultConfigurationIsVisible = 0;
			defaultConfigurationName = Release;
		};
		9F5861981D93B36C00351795 /* Build configuration list for PBXNativeTarget "Demo" */ = {
			isa = XCConfigurationList;
			buildConfigurations = (
				9F5861991D93B36C00351795 /* Debug */,
				9F58619A1D93B36C00351795 /* Release */,
			);
			defaultConfigurationIsVisible = 0;
			defaultConfigurationName = Release;
		};
		9F58619B1D93B36C00351795 /* Build configuration list for PBXNativeTarget "DemoTests" */ = {
			isa = XCConfigurationList;
			buildConfigurations = (
				9F58619C1D93B36C00351795 /* Debug */,
				9F58619D1D93B36C00351795 /* Release */,
			);
			defaultConfigurationIsVisible = 0;
			defaultConfigurationName = Release;
		};
		9F58619E1D93B36C00351795 /* Build configuration list for PBXNativeTarget "DemoUITests" */ = {
			isa = XCConfigurationList;
			buildConfigurations = (
				9F58619F1D93B36C00351795 /* Debug */,
				9F5861A01D93B36C00351795 /* Release */,
			);
			defaultConfigurationIsVisible = 0;
			defaultConfigurationName = Release;
		};
/* End XCConfigurationList section */
	};
	rootObject = 9F5861681D93B36C00351795 /* Project object */;
}
